
Microsoft Visual Studio Solution File, Format Version 12.00
# Visual Studio 15
VisualStudioVersion = 15.0.27703.2035
MinimumVisualStudioVersion = 10.0.40219.1
Project("{FAE04EC0-301F-11D3-BF4B-00C04F79EFBC}") = "FileSystem", "FileSystem\FileSystem.csproj", "{D45F20B1-17B1-4F23-A33A-124890D43B2E}"
EndProject
Global
	GlobalSection(SolutionConfigurationPlatforms) = preSolution
		Debug|Any CPU = Debug|Any CPU
		Release|Any CPU = Release|Any CPU
	EndGlobalSection
	GlobalSection(ProjectConfigurationPlatforms) = postSolution
		{D45F20B1-17B1-4F23-A33A-124890D43B2E}.Debug|Any CPU.ActiveCfg = Debug|Any CPU
		{D45F20B1-17B1-4F23-A33A-124890D43B2E}.Debug|Any CPU.Build.0 = Debug|Any CPU
		{D45F20B1-17B1-4F23-A33A-124890D43B2E}.Release|Any CPU.ActiveCfg = Release|Any CPU
		{D45F20B1-17B1-4F23-A33A-124890D43B2E}.Release|Any CPU.Build.0 = Release|Any CPU
	EndGlobalSection
	GlobalSection(SolutionProperties) = preSolution
		HideSolutionNode = FALSE
	EndGlobalSection
	GlobalSection(ExtensibilityGlobals) = postSolution
		SolutionGuid = {E4E80D94-3624-479C-93E6-19F61EEF54B4}
	EndGlobalSection
EndGlobal
